
Microsoft Visual Studio Solution File, Format Version 12.00
# Visual Studio Version 17
VisualStudioVersion = 17.4.33213.308
MinimumVisualStudioVersion = 10.0.40219.1
Project("{9A19103F-16F7-4668-BE54-9A1E7A4F7556}") = "Genshin has been tested", "Genshin has been tested.csproj", "{643717E6-2F31-4A6E-B749-5B099703E97D}"
EndProject
Global
	GlobalSection(SolutionConfigurationPlatforms) = preSolution
		Debug|Any CPU = Debug|Any CPU
		Release|Any CPU = Release|Any CPU
	EndGlobalSection
	GlobalSection(ProjectConfigurationPlatforms) = postSolution
		{643717E6-2F31-4A6E-B749-5B099703E97D}.Debug|Any CPU.ActiveCfg = Debug|Any CPU
		{643717E6-2F31-4A6E-B749-5B099703E97D}.Debug|Any CPU.Build.0 = Debug|Any CPU
		{643717E6-2F31-4A6E-B749-5B099703E97D}.Release|Any CPU.ActiveCfg = Release|Any CPU
		{643717E6-2F31-4A6E-B749-5B099703E97D}.Release|Any CPU.Build.0 = Release|Any CPU
	EndGlobalSection
	GlobalSection(SolutionProperties) = preSolution
		HideSolutionNode = FALSE
	EndGlobalSection
	GlobalSection(ExtensibilityGlobals) = postSolution
		SolutionGuid = {64A61CCF-465F-41F0-B945-B6B81E9295C0}
	EndGlobalSection
EndGlobal
